dependencies:
- name: cert-manager
  repository: https://charts.jetstack.io
  version: v1.15.3
- name: kube-prometheus-stack
  repository: https://prometheus-community.github.io/helm-charts
  version: 75.18.1
digest: sha256:cbdef0d23c5bc891e5b5a2e8fb4c94695d2079df96dbf368fa449f14134aec81
generated: "2025-08-07T22:09:56.007479+07:00"
